// !$*UTF8*$!
{
	archiveVersion = 1;
	classes = {
	};
	objectVersion = 46;
	objects = {

/* Begin PBXBuildFile section */
		09B95EFDC70953E3F9BED87D /* libPods-evaKool.a in Frameworks */ = {isa = PBXBuildFile; fileRef = A04D24F9D676C046CD120D08 /* libPods-evaKool.a */; };
		45F12B8C22FB0BB200191F5D /* ViewController.m in Sources */ = {isa = PBXBuildFile; fileRef = 45F12B8B22FB0BB200191F5D /* ViewController.m */; };
		9A195B6E22EB321C00209E81 /* crc.c in Sources */ = {isa = PBXBuildFile; fileRef = 9A195B6822EB321C00209E81 /* crc.c */; };
		9A195B6F22EB321C00209E81 /* DataToBeRead.m in Sources */ = {isa = PBXBuildFile; fileRef = 9A195B6B22EB321C00209E81 /* DataToBeRead.m */; };
		9A195B7022EB321C00209E81 /* DataToBeWrite.m in Sources */ = {isa = PBXBuildFile; fileRef = 9A195B6D22EB321C00209E81 /* DataToBeWrite.m */; };
		9A195B7322EB323700209E81 /* Socket.m in Sources */ = {isa = PBXBuildFile; fileRef = 9A195B7222EB323700209E81 /* Socket.m */; };
		9A23AAF722FAFDE9002CB5A9 /* SingleViewController.m in Sources */ = {isa = PBXBuildFile; fileRef = 9A23AAF622FAFDE9002CB5A9 /* SingleViewController.m */; };
		9A23AAFA22FAFE0F002CB5A9 /* DoubleViewController.m in Sources */ = {isa = PBXBuildFile; fileRef = 9A23AAF922FAFE0F002CB5A9 /* DoubleViewController.m */; };
		9A549DAB22E8557700EABCB5 /* main.m in Sources */ = {isa = PBXBuildFile; fileRef = 9A549DAA22E8557700EABCB5 /* main.m */; };
		9A549DAE22E8557700EABCB5 /* AppDelegate.m in Sources */ = {isa = PBXBuildFile; fileRef = 9A549DAD22E8557700EABCB5 /* AppDelegate.m */; };
		9A549DB422E8557700EABCB5 /* Main.storyboard in Resources */ = {isa = PBXBuildFile; fileRef = 9A549DB222E8557700EABCB5 /* Main.storyboard */; };
		9A549DB622E8557700EABCB5 /* Assets.xcassets in Resources */ = {isa = PBXBuildFile; fileRef = 9A549DB522E8557700EABCB5 /* Assets.xcassets */; };
		9A549DB922E8557700EABCB5 /* LaunchScreen.storyboard in Resources */ = {isa = PBXBuildFile; fileRef = 9A549DB722E8557700EABCB5 /* LaunchScreen.storyboard */; };
		CECCC3212372522700741C10 /* SettingViewController.m in Sources */ = {isa = PBXBuildFile; fileRef = CECCC3202372522700741C10 /* SettingViewController.m */; };
		CEFC892F239F5AF700C32D56 /* background1.png in Resources */ = {isa = PBXBuildFile; fileRef = CEFC8925239F5AF600C32D56 /* background1.png */; };
		CEFC8930239F5AF700C32D56 /* background2.png in Resources */ = {isa = PBXBuildFile; fileRef = CEFC8926239F5AF600C32D56 /* background2.png */; };
		CEFC8931239F5AF700C32D56 /* celsiusOff.png in Resources */ = {isa = PBXBuildFile; fileRef = CEFC8927239F5AF600C32D56 /* celsiusOff.png */; };
		CEFC8932239F5AF700C32D56 /* enter.png in Resources */ = {isa = PBXBuildFile; fileRef = CEFC8928239F5AF700C32D56 /* enter.png */; };
		CEFC8933239F5AF700C32D56 /* back.png in Resources */ = {isa = PBXBuildFile; fileRef = CEFC8929239F5AF700C32D56 /* back.png */; };
		CEFC8934239F5AF700C32D56 /* background.png in Resources */ = {isa = PBXBuildFile; fileRef = CEFC892A239F5AF700C32D56 /* background.png */; };
		CEFC8935239F5AF700C32D56 /* background5.png in Resources */ = {isa = PBXBuildFile; fileRef = CEFC892B239F5AF700C32D56 /* background5.png */; };
		CEFC8936239F5AF700C32D56 /* eco.png in Resources */ = {isa = PBXBuildFile; fileRef = CEFC892C239F5AF700C32D56 /* eco.png */; };
		CEFC8937239F5AF700C32D56 /* celsius.png in Resources */ = {isa = PBXBuildFile; fileRef = CEFC892D239F5AF700C32D56 /* celsius.png */; };
		CEFC8938239F5AF700C32D56 /* ecoOff.png in Resources */ = {isa = PBXBuildFile; fileRef = CEFC892E239F5AF700C32D56 /* ecoOff.png */; };
		CEFC8948239F5B0900C32D56 /* ondownOff.png in Resources */ = {isa = PBXBuildFile; fileRef = CEFC8939239F5B0700C32D56 /* ondownOff.png */; };
		CEFC8949239F5B0900C32D56 /* fahrenheitOff.png in Resources */ = {isa = PBXBuildFile; fileRef = CEFC893A239F5B0800C32D56 /* fahrenheitOff.png */; };
		CEFC894A239F5B0900C32D56 /* NewLogo.png in Resources */ = {isa = PBXBuildFile; fileRef = CEFC893B239F5B0800C32D56 /* NewLogo.png */; };
		CEFC894B239F5B0900C32D56 /* FRIDGE2.png in Resources */ = {isa = PBXBuildFile; fileRef = CEFC893C239F5B0800C32D56 /* FRIDGE2.png */; };
		CEFC894D239F5B0900C32D56 /* onOff.png in Resources */ = {isa = PBXBuildFile; fileRef = CEFC893E239F5B0800C32D56 /* onOff.png */; };
		CEFC894E239F5B0900C32D56 /* FRIDGE1Off.png in Resources */ = {isa = PBXBuildFile; fileRef = CEFC893F239F5B0800C32D56 /* FRIDGE1Off.png */; };
		CEFC894F239F5B0900C32D56 /* FRIDGE2Off.png in Resources */ = {isa = PBXBuildFile; fileRef = CEFC8940239F5B0800C32D56 /* FRIDGE2Off.png */; };
		CEFC8950239F5B0900C32D56 /* on.png in Resources */ = {isa = PBXBuildFile; fileRef = CEFC8941239F5B0800C32D56 /* on.png */; };
		CEFC8951239F5B0900C32D56 /* offOff.png in Resources */ = {isa = PBXBuildFile; fileRef = CEFC8942239F5B0800C32D56 /* offOff.png */; };
		CEFC8953239F5B0900C32D56 /* ondown.png in Resources */ = {isa = PBXBuildFile; fileRef = CEFC8944239F5B0800C32D56 /* ondown.png */; };
		CEFC8954239F5B0900C32D56 /* off.png in Resources */ = {isa = PBXBuildFile; fileRef = CEFC8945239F5B0800C32D56 /* off.png */; };
		CEFC8955239F5B0900C32D56 /* onup.png in Resources */ = {isa = PBXBuildFile; fileRef = CEFC8946239F5B0800C32D56 /* onup.png */; };
		CEFC8956239F5B0900C32D56 /* onupOff.png in Resources */ = {isa = PBXBuildFile; fileRef = CEFC8947239F5B0900C32D56 /* onupOff.png */; };
		CEFC895E239F5B1E00C32D56 /* setting.png in Resources */ = {isa = PBXBuildFile; fileRef = CEFC8958239F5B1E00C32D56 /* setting.png */; };
		CEFC895F239F5B1E00C32D56 /* wifi.png in Resources */ = {isa = PBXBuildFile; fileRef = CEFC8959239F5B1E00C32D56 /* wifi.png */; };
		CEFC8960239F5B1E00C32D56 /* turboOff.png in Resources */ = {isa = PBXBuildFile; fileRef = CEFC895A239F5B1E00C32D56 /* turboOff.png */; };
		CEFC8961239F5B1E00C32D56 /* wifiOff.png in Resources */ = {isa = PBXBuildFile; fileRef = CEFC895B239F5B1E00C32D56 /* wifiOff.png */; };
		CEFC8962239F5B1E00C32D56 /* SETTINGS.png in Resources */ = {isa = PBXBuildFile; fileRef = CEFC895C239F5B1E00C32D56 /* SETTINGS.png */; };
		CEFC8966239F5C2700C32D56 /* FRIDGE1.png in Resources */ = {isa = PBXBuildFile; fileRef = CEFC8965239F5C2700C32D56 /* FRIDGE1.png */; };
		CEFC896C23A0756900C32D56 /* turbo.png in Resources */ = {isa = PBXBuildFile; fileRef = CEFC896B23A0756900C32D56 /* turbo.png */; };
		CEFC896E23A0758100C32D56 /* fahrenheit.png in Resources */ = {isa = PBXBuildFile; fileRef = CEFC896D23A0758100C32D56 /* fahrenheit.png */; };
/* End PBXBuildFile section */

/* Begin PBXFileReference section */
		2E16BDEAC350844DC3531177 /* Pods-evaKool.debug.xcconfig */ = {isa = PBXFileReference; includeInIndex = 1; lastKnownFileType = text.xcconfig; name = "Pods-evaKool.debug.xcconfig"; path = "Target Support Files/Pods-evaKool/Pods-evaKool.debug.xcconfig"; sourceTree = "<group>"; };
		45F12B8A22FB0BB200191F5D /* ViewController.h */ = {isa = PBXFileReference; fileEncoding = 4; lastKnownFileType = sourcecode.c.h; path = ViewController.h; sourceTree = "<group>"; };
		45F12B8B22FB0BB200191F5D /* ViewController.m */ = {isa = PBXFileReference; fileEncoding = 4; lastKnownFileType = sourcecode.c.objc; path = ViewController.m; sourceTree = "<group>"; };
		684E220EF1ACB26F5C4B7A0B /* Pods-evaKool.release.xcconfig */ = {isa = PBXFileReference; includeInIndex = 1; lastKnownFileType = text.xcconfig; name = "Pods-evaKool.release.xcconfig"; path = "Target Support Files/Pods-evaKool/Pods-evaKool.release.xcconfig"; sourceTree = "<group>"; };
		9A195B6822EB321C00209E81 /* crc.c */ = {isa = PBXFileReference; fileEncoding = 4; lastKnownFileType = sourcecode.c.c; path = crc.c; sourceTree = "<group>"; };
		9A195B6922EB321C00209E81 /* crc.h */ = {isa = PBXFileReference; fileEncoding = 4; lastKnownFileType = sourcecode.c.h; path = crc.h; sourceTree = "<group>"; };
		9A195B6A22EB321C00209E81 /* DataToBeRead.h */ = {isa = PBXFileReference; fileEncoding = 4; lastKnownFileType = sourcecode.c.h; path = DataToBeRead.h; sourceTree = "<group>"; };
		9A195B6B22EB321C00209E81 /* DataToBeRead.m */ = {isa = PBXFileReference; fileEncoding = 4; lastKnownFileType = sourcecode.c.objc; path = DataToBeRead.m; sourceTree = "<group>"; };
		9A195B6C22EB321C00209E81 /* DataToBeWrite.h */ = {isa = PBXFileReference; fileEncoding = 4; lastKnownFileType = sourcecode.c.h; path = DataToBeWrite.h; sourceTree = "<group>"; };
		9A195B6D22EB321C00209E81 /* DataToBeWrite.m */ = {isa = PBXFileReference; fileEncoding = 4; lastKnownFileType = sourcecode.c.objc; path = DataToBeWrite.m; sourceTree = "<group>"; };
		9A195B7122EB323700209E81 /* Socket.h */ = {isa = PBXFileReference; fileEncoding = 4; lastKnownFileType = sourcecode.c.h; path = Socket.h; sourceTree = "<group>"; };
		9A195B7222EB323700209E81 /* Socket.m */ = {isa = PBXFileReference; fileEncoding = 4; lastKnownFileType = sourcecode.c.objc; path = Socket.m; sourceTree = "<group>"; };
		9A23AAF522FAFDE9002CB5A9 /* SingleViewController.h */ = {isa = PBXFileReference; fileEncoding = 4; lastKnownFileType = sourcecode.c.h; path = SingleViewController.h; sourceTree = "<group>"; };
		9A23AAF622FAFDE9002CB5A9 /* SingleViewController.m */ = {isa = PBXFileReference; fileEncoding = 4; lastKnownFileType = sourcecode.c.objc; path = SingleViewController.m; sourceTree = "<group>"; };
		9A23AAF822FAFE0F002CB5A9 /* DoubleViewController.h */ = {isa = PBXFileReference; fileEncoding = 4; lastKnownFileType = sourcecode.c.h; path = DoubleViewController.h; sourceTree = "<group>"; };
		9A23AAF922FAFE0F002CB5A9 /* DoubleViewController.m */ = {isa = PBXFileReference; fileEncoding = 4; lastKnownFileType = sourcecode.c.objc; path = DoubleViewController.m; sourceTree = "<group>"; };
		9A549DA622E8557700EABCB5 /* evaKool.app */ = {isa = PBXFileReference; explicitFileType = wrapper.application; includeInIndex = 0; path = evaKool.app; sourceTree = BUILT_PRODUCTS_DIR; };
		9A549DAA22E8557700EABCB5 /* main.m */ = {isa = PBXFileReference; lastKnownFileType = sourcecode.c.objc; path = main.m; sourceTree = "<group>"; };
		9A549DAC22E8557700EABCB5 /* AppDelegate.h */ = {isa = PBXFileReference; lastKnownFileType = sourcecode.c.h; path = AppDelegate.h; sourceTree = "<group>"; };
		9A549DAD22E8557700EABCB5 /* AppDelegate.m */ = {isa = PBXFileReference; lastKnownFileType = sourcecode.c.objc; path = AppDelegate.m; sourceTree = "<group>"; };
		9A549DB322E8557700EABCB5 /* Base */ = {isa = PBXFileReference; lastKnownFileType = file.storyboard; name = Base; path = Base.lproj/Main.storyboard; sourceTree = "<group>"; };
		9A549DB522E8557700EABCB5 /* Assets.xcassets */ = {isa = PBXFileReference; lastKnownFileType = folder.assetcatalog; path = Assets.xcassets; sourceTree = "<group>"; };
		9A549DB822E8557700EABCB5 /* Base */ = {isa = PBXFileReference; lastKnownFileType = file.storyboard; name = Base; path = Base.lproj/LaunchScreen.storyboard; sourceTree = "<group>"; };
		9A549DBA22E8557700EABCB5 /* Info.plist */ = {isa = PBXFileReference; lastKnownFileType = text.plist.xml; path = Info.plist; sourceTree = "<group>"; };
		A04D24F9D676C046CD120D08 /* libPods-evaKool.a */ = {isa = PBXFileReference; explicitFileType = archive.ar; includeInIndex = 0; path = "libPods-evaKool.a"; sourceTree = BUILT_PRODUCTS_DIR; };
		CECCC31F2372522700741C10 /* SettingViewController.h */ = {isa = PBXFileReference; lastKnownFileType = sourcecode.c.h; path = SettingViewController.h; sourceTree = "<group>"; };
		CECCC3202372522700741C10 /* SettingViewController.m */ = {isa = PBXFileReference; lastKnownFileType = sourcecode.c.objc; path = SettingViewController.m; sourceTree = "<group>"; };
		CEFC8925239F5AF600C32D56 /* background1.png */ = {isa = PBXFileReference; lastKnownFileType = image.png; path = background1.png; sourceTree = "<group>"; };
		CEFC8926239F5AF600C32D56 /* background2.png */ = {isa = PBXFileReference; lastKnownFileType = image.png; path = background2.png; sourceTree = "<group>"; };
		CEFC8927239F5AF600C32D56 /* celsiusOff.png */ = {isa = PBXFileReference; lastKnownFileType = image.png; path = celsiusOff.png; sourceTree = "<group>"; };
		CEFC8928239F5AF700C32D56 /* enter.png */ = {isa = PBXFileReference; lastKnownFileType = image.png; path = enter.png; sourceTree = "<group>"; };
		CEFC8929239F5AF700C32D56 /* back.png */ = {isa = PBXFileReference; lastKnownFileType = image.png; path = back.png; sourceTree = "<group>"; };
		CEFC892A239F5AF700C32D56 /* background.png */ = {isa = PBXFileReference; lastKnownFileType = image.png; path = background.png; sourceTree = "<group>"; };
		CEFC892B239F5AF700C32D56 /* background5.png */ = {isa = PBXFileReference; lastKnownFileType = image.png; path = background5.png; sourceTree = "<group>"; };
		CEFC892C239F5AF700C32D56 /* eco.png */ = {isa = PBXFileReference; lastKnownFileType = image.png; path = eco.png; sourceTree = "<group>"; };
		CEFC892D239F5AF700C32D56 /* celsius.png */ = {isa = PBXFileReference; lastKnownFileType = image.png; path = celsius.png; sourceTree = "<group>"; };
		CEFC892E239F5AF700C32D56 /* ecoOff.png */ = {isa = PBXFileReference; lastKnownFileType = image.png; path = ecoOff.png; sourceTree = "<group>"; };
		CEFC8939239F5B0700C32D56 /* ondownOff.png */ = {isa = PBXFileReference; lastKnownFileType = image.png; path = ondownOff.png; sourceTree = "<group>"; };
		CEFC893A239F5B0800C32D56 /* fahrenheitOff.png */ = {isa = PBXFileReference; lastKnownFileType = image.png; path = fahrenheitOff.png; sourceTree = "<group>"; };
		CEFC893B239F5B0800C32D56 /* NewLogo.png */ = {isa = PBXFileReference; lastKnownFileType = image.png; path = NewLogo.png; sourceTree = "<group>"; };
		CEFC893C239F5B0800C32D56 /* FRIDGE2.png */ = {isa = PBXFileReference; lastKnownFileType = image.png; path = FRIDGE2.png; sourceTree = "<group>"; };
		CEFC893E239F5B0800C32D56 /* onOff.png */ = {isa = PBXFileReference; lastKnownFileType = image.png; path = onOff.png; sourceTree = "<group>"; };
		CEFC893F239F5B0800C32D56 /* FRIDGE1Off.png */ = {isa = PBXFileReference; lastKnownFileType = image.png; path = FRIDGE1Off.png; sourceTree = "<group>"; };
		CEFC8940239F5B0800C32D56 /* FRIDGE2Off.png */ = {isa = PBXFileReference; lastKnownFileType = image.png; path = FRIDGE2Off.png; sourceTree = "<group>"; };
		CEFC8941239F5B0800C32D56 /* on.png */ = {isa = PBXFileReference; lastKnownFileType = image.png; path = on.png; sourceTree = "<group>"; };
		CEFC8942239F5B0800C32D56 /* offOff.png */ = {isa = PBXFileReference; lastKnownFileType = image.png; path = offOff.png; sourceTree = "<group>"; };
		CEFC8944239F5B0800C32D56 /* ondown.png */ = {isa = PBXFileReference; lastKnownFileType = image.png; path = ondown.png; sourceTree = "<group>"; };
		CEFC8945239F5B0800C32D56 /* off.png */ = {isa = PBXFileReference; lastKnownFileType = image.png; path = off.png; sourceTree = "<group>"; };
		CEFC8946239F5B0800C32D56 /* onup.png */ = {isa = PBXFileReference; lastKnownFileType = image.png; path = onup.png; sourceTree = "<group>"; };
		CEFC8947239F5B0900C32D56 /* onupOff.png */ = {isa = PBXFileReference; lastKnownFileType = image.png; path = onupOff.png; sourceTree = "<group>"; };
		CEFC8958239F5B1E00C32D56 /* setting.png */ = {isa = PBXFileReference; lastKnownFileType = image.png; path = setting.png; sourceTree = "<group>"; };
		CEFC8959239F5B1E00C32D56 /* wifi.png */ = {isa = PBXFileReference; lastKnownFileType = image.png; path = wifi.png; sourceTree = "<group>"; };
		CEFC895A239F5B1E00C32D56 /* turboOff.png */ = {isa = PBXFileReference; lastKnownFileType = image.png; path = turboOff.png; sourceTree = "<group>"; };
		CEFC895B239F5B1E00C32D56 /* wifiOff.png */ = {isa = PBXFileReference; lastKnownFileType = image.png; path = wifiOff.png; sourceTree = "<group>"; };
		CEFC895C239F5B1E00C32D56 /* SETTINGS.png */ = {isa = PBXFileReference; lastKnownFileType = image.png; path = SETTINGS.png; sourceTree = "<group>"; };
		CEFC8965239F5C2700C32D56 /* FRIDGE1.png */ = {isa = PBXFileReference; lastKnownFileType = image.png; path = FRIDGE1.png; sourceTree = "<group>"; };
		CEFC896B23A0756900C32D56 /* turbo.png */ = {isa = PBXFileReference; lastKnownFileType = image.png; path = turbo.png; sourceTree = "<group>"; };
		CEFC896D23A0758100C32D56 /* fahrenheit.png */ = {isa = PBXFileReference; lastKnownFileType = image.png; path = fahrenheit.png; sourceTree = "<group>"; };
/* End PBXFileReference section */

/* Begin PBXFrameworksBuildPhase section */
		9A549DA322E8557700EABCB5 /* Frameworks */ = {
			isa = PBXFrameworksBuildPhase;
			buildActionMask = 2147483647;
			files = (
				09B95EFDC70953E3F9BED87D /* libPods-evaKool.a in Frameworks */,
			);
			runOnlyForDeploymentPostprocessing = 0;
		};
/* End PBXFrameworksBuildPhase section */

/* Begin PBXGroup section */
		42A6245435125E55AD89C763 /* Frameworks */ = {
			isa = PBXGroup;
			children = (
				A04D24F9D676C046CD120D08 /* libPods-evaKool.a */,
			);
			name = Frameworks;
			sourceTree = "<group>";
		};
		56645DBECFC8ABBCC65F9514 /* Pods */ = {
			isa = PBXGroup;
			children = (
				2E16BDEAC350844DC3531177 /* Pods-evaKool.debug.xcconfig */,
				684E220EF1ACB26F5C4B7A0B /* Pods-evaKool.release.xcconfig */,
			);
			path = Pods;
			sourceTree = "<group>";
		};
		9A195B6722EB318D00209E81 /* Socket */ = {
			isa = PBXGroup;
			children = (
				9A195B7122EB323700209E81 /* Socket.h */,
				9A195B7222EB323700209E81 /* Socket.m */,
				9A195B6922EB321C00209E81 /* crc.h */,
				9A195B6822EB321C00209E81 /* crc.c */,
				9A195B6A22EB321C00209E81 /* DataToBeRead.h */,
				9A195B6B22EB321C00209E81 /* DataToBeRead.m */,
				9A195B6C22EB321C00209E81 /* DataToBeWrite.h */,
				9A195B6D22EB321C00209E81 /* DataToBeWrite.m */,
			);
			name = Socket;
			sourceTree = "<group>";
		};
		9A549D9D22E8557700EABCB5 = {
			isa = PBXGroup;
			children = (
				9A195B6722EB318D00209E81 /* Socket */,
				9A549DA822E8557700EABCB5 /* evaKool */,
				9A549DC022E855F600EABCB5 /* Images */,
				9A549DA722E8557700EABCB5 /* Products */,
				56645DBECFC8ABBCC65F9514 /* Pods */,
				42A6245435125E55AD89C763 /* Frameworks */,
			);
			sourceTree = "<group>";
		};
		9A549DA722E8557700EABCB5 /* Products */ = {
			isa = PBXGroup;
			children = (
				9A549DA622E8557700EABCB5 /* evaKool.app */,
			);
			name = Products;
			sourceTree = "<group>";
		};
		9A549DA822E8557700EABCB5 /* evaKool */ = {
			isa = PBXGroup;
			children = (
				45F12B8A22FB0BB200191F5D /* ViewController.h */,
				45F12B8B22FB0BB200191F5D /* ViewController.m */,
				9A23AAF522FAFDE9002CB5A9 /* SingleViewController.h */,
				9A23AAF622FAFDE9002CB5A9 /* SingleViewController.m */,
				9A23AAF822FAFE0F002CB5A9 /* DoubleViewController.h */,
				9A23AAF922FAFE0F002CB5A9 /* DoubleViewController.m */,
				9A549DAC22E8557700EABCB5 /* AppDelegate.h */,
				9A549DAD22E8557700EABCB5 /* AppDelegate.m */,
				9A549DB222E8557700EABCB5 /* Main.storyboard */,
				CECCC31F2372522700741C10 /* SettingViewController.h */,
				CECCC3202372522700741C10 /* SettingViewController.m */,
				9A549DB522E8557700EABCB5 /* Assets.xcassets */,
				9A549DB722E8557700EABCB5 /* LaunchScreen.storyboard */,
				9A549DBA22E8557700EABCB5 /* Info.plist */,
				9A549DA922E8557700EABCB5 /* Supporting Files */,
			);
			path = evaKool;
			sourceTree = "<group>";
		};
		9A549DA922E8557700EABCB5 /* Supporting Files */ = {
			isa = PBXGroup;
			children = (
				9A549DAA22E8557700EABCB5 /* main.m */,
			);
			name = "Supporting Files";
			sourceTree = "<group>";
		};
		9A549DC022E855F600EABCB5 /* Images */ = {
			isa = PBXGroup;
			children = (
				CEFC896D23A0758100C32D56 /* fahrenheit.png */,
				CEFC896B23A0756900C32D56 /* turbo.png */,
				CEFC8965239F5C2700C32D56 /* FRIDGE1.png */,
				CEFC8958239F5B1E00C32D56 /* setting.png */,
				CEFC895C239F5B1E00C32D56 /* SETTINGS.png */,
				CEFC895A239F5B1E00C32D56 /* turboOff.png */,
				CEFC8959239F5B1E00C32D56 /* wifi.png */,
				CEFC895B239F5B1E00C32D56 /* wifiOff.png */,
				CEFC893A239F5B0800C32D56 /* fahrenheitOff.png */,
				CEFC893F239F5B0800C32D56 /* FRIDGE1Off.png */,
				CEFC893C239F5B0800C32D56 /* FRIDGE2.png */,
				CEFC8940239F5B0800C32D56 /* FRIDGE2Off.png */,
				CEFC893B239F5B0800C32D56 /* NewLogo.png */,
				CEFC8945239F5B0800C32D56 /* off.png */,
				CEFC8942239F5B0800C32D56 /* offOff.png */,
				CEFC8941239F5B0800C32D56 /* on.png */,
				CEFC8944239F5B0800C32D56 /* ondown.png */,
				CEFC8939239F5B0700C32D56 /* ondownOff.png */,
				CEFC893E239F5B0800C32D56 /* onOff.png */,
				CEFC8946239F5B0800C32D56 /* onup.png */,
				CEFC8947239F5B0900C32D56 /* onupOff.png */,
				CEFC8929239F5AF700C32D56 /* back.png */,
				CEFC892A239F5AF700C32D56 /* background.png */,
				CEFC8925239F5AF600C32D56 /* background1.png */,
				CEFC8926239F5AF600C32D56 /* background2.png */,
				CEFC892B239F5AF700C32D56 /* background5.png */,
				CEFC892D239F5AF700C32D56 /* celsius.png */,
				CEFC8927239F5AF600C32D56 /* celsiusOff.png */,
				CEFC892C239F5AF700C32D56 /* eco.png */,
				CEFC892E239F5AF700C32D56 /* ecoOff.png */,
				CEFC8928239F5AF700C32D56 /* enter.png */,
			);
			name = Images;
			sourceTree = "<group>";
		};
/* End PBXGroup section */

/* Begin PBXNativeTarget section */
		9A549DA522E8557700EABCB5 /* evaKool */ = {
			isa = PBXNativeTarget;
			buildConfigurationList = 9A549DBD22E8557700EABCB5 /* Build configuration list for PBXNativeTarget "evaKool" */;
			buildPhases = (
				434A763B118EBDFEAA7A12AC /* [CP] Check Pods Manifest.lock */,
				9A549DA222E8557700EABCB5 /* Sources */,
				9A549DA322E8557700EABCB5 /* Frameworks */,
				9A549DA422E8557700EABCB5 /* Resources */,
				155D7B8BFCED14DCF739EA12 /* [CP] Copy Pods Resources */,
			);
			buildRules = (
			);
			dependencies = (
			);
			name = evaKool;
			productName = evaKool;
			productReference = 9A549DA622E8557700EABCB5 /* evaKool.app */;
			productType = "com.apple.product-type.application";
		};
/* End PBXNativeTarget section */

/* Begin PBXProject section */
		9A549D9E22E8557700EABCB5 /* Project object */ = {
			isa = PBXProject;
			attributes = {
				LastUpgradeCheck = 0830;
				ORGANIZATIONNAME = baidu;
				TargetAttributes = {
					9A549DA522E8557700EABCB5 = {
						CreatedOnToolsVersion = 8.3.3;
						DevelopmentTeam = KVC8NZTYE2;
						ProvisioningStyle = Automatic;
					};
				};
			};
			buildConfigurationList = 9A549DA122E8557700EABCB5 /* Build configuration list for PBXProject "evaKool" */;
			compatibilityVersion = "Xcode 3.2";
			developmentRegion = English;
			hasScannedForEncodings = 0;
			knownRegions = (
				en,
				Base,
			);
			mainGroup = 9A549D9D22E8557700EABCB5;
			productRefGroup = 9A549DA722E8557700EABCB5 /* Products */;
			projectDirPath = "";
			projectRoot = "";
			targets = (
				9A549DA522E8557700EABCB5 /* evaKool */,
			);
		};
/* End PBXProject section */

/* Begin PBXResourcesBuildPhase section */
		9A549DA422E8557700EABCB5 /* Resources */ = {
			isa = PBXResourcesBuildPhase;
			buildActionMask = 2147483647;
			files = (
				9A549DB922E8557700EABCB5 /* LaunchScreen.storyboard in Resources */,
				9A549DB622E8557700EABCB5 /* Assets.xcassets in Resources */,
				CEFC8955239F5B0900C32D56 /* onup.png in Resources */,
				CEFC894E239F5B0900C32D56 /* FRIDGE1Off.png in Resources */,
				CEFC8948239F5B0900C32D56 /* ondownOff.png in Resources */,
				CEFC894F239F5B0900C32D56 /* FRIDGE2Off.png in Resources */,
				CEFC8960239F5B1E00C32D56 /* turboOff.png in Resources */,
				CEFC8930239F5AF700C32D56 /* background2.png in Resources */,
				CEFC8956239F5B0900C32D56 /* onupOff.png in Resources */,
				CEFC895E239F5B1E00C32D56 /* setting.png in Resources */,
				CEFC8962239F5B1E00C32D56 /* SETTINGS.png in Resources */,
				CEFC8938239F5AF700C32D56 /* ecoOff.png in Resources */,
				9A549DB422E8557700EABCB5 /* Main.storyboard in Resources */,
				CEFC8951239F5B0900C32D56 /* offOff.png in Resources */,
				CEFC8950239F5B0900C32D56 /* on.png in Resources */,
				CEFC8933239F5AF700C32D56 /* back.png in Resources */,
				CEFC8936239F5AF700C32D56 /* eco.png in Resources */,
				CEFC8931239F5AF700C32D56 /* celsiusOff.png in Resources */,
				CEFC894A239F5B0900C32D56 /* NewLogo.png in Resources */,
				CEFC892F239F5AF700C32D56 /* background1.png in Resources */,
				CEFC8934239F5AF700C32D56 /* background.png in Resources */,
				CEFC8932239F5AF700C32D56 /* enter.png in Resources */,
				CEFC8966239F5C2700C32D56 /* FRIDGE1.png in Resources */,
				CEFC896C23A0756900C32D56 /* turbo.png in Resources */,
				CEFC8949239F5B0900C32D56 /* fahrenheitOff.png in Resources */,
				CEFC8961239F5B1E00C32D56 /* wifiOff.png in Resources */,
				CEFC8937239F5AF700C32D56 /* celsius.png in Resources */,
				CEFC894D239F5B0900C32D56 /* onOff.png in Resources */,
				CEFC895F239F5B1E00C32D56 /* wifi.png in Resources */,
				CEFC894B239F5B0900C32D56 /* FRIDGE2.png in Resources */,
				CEFC8954239F5B0900C32D56 /* off.png in Resources */,
				CEFC896E23A0758100C32D56 /* fahrenheit.png in Resources */,
				CEFC8953239F5B0900C32D56 /* ondown.png in Resources */,
				CEFC8935239F5AF700C32D56 /* background5.png in Resources */,
			);
			runOnlyForDeploymentPostprocessing = 0;
		};
/* End PBXResourcesBuildPhase section */

/* Begin PBXShellScriptBuildPhase section */
		155D7B8BFCED14DCF739EA12 /* [CP] Copy Pods Resources */ = {
			isa = PBXShellScriptBuildPhase;
			buildActionMask = 2147483647;
			files = (
			);
			inputPaths = (
				"${PODS_ROOT}/Target Support Files/Pods-evaKool/Pods-evaKool-resources.sh",
				"${PODS_ROOT}/SVProgressHUD/SVProgressHUD/SVProgressHUD.bundle",
			);
			name = "[CP] Copy Pods Resources";
			outputPaths = (
				"${TARGET_BUILD_DIR}/${UNLOCALIZED_RESOURCES_FOLDER_PATH}/SVProgressHUD.bundle",
			);
			runOnlyForDeploymentPostprocessing = 0;
			shellPath = /bin/sh;
			shellScript = "\"${PODS_ROOT}/Target Support Files/Pods-evaKool/Pods-evaKool-resources.sh\"\n";
			showEnvVarsInLog = 0;
		};
		434A763B118EBDFEAA7A12AC /* [CP] Check Pods Manifest.lock */ = {
			isa = PBXShellScriptBuildPhase;
			buildActionMask = 2147483647;
			files = (
			);
			inputPaths = (
				"${PODS_PODFILE_DIR_PATH}/Podfile.lock",
				"${PODS_ROOT}/Manifest.lock",
			);
			name = "[CP] Check Pods Manifest.lock";
			outputPaths = (
				"$(DERIVED_FILE_DIR)/Pods-evaKool-checkManifestLockResult.txt",
			);
			runOnlyForDeploymentPostprocessing = 0;
			shellPath = /bin/sh;
			shellScript = "diff \"${PODS_PODFILE_DIR_PATH}/Podfile.lock\" \"${PODS_ROOT}/Manifest.lock\" > /dev/null\nif [ $? != 0 ] ; then\n    # print error to STDERR\n    echo \"error: The sandbox is not in sync with the Podfile.lock. Run 'pod install' or update your CocoaPods installation.\" >&2\n    exit 1\nfi\n# This output is used by Xcode 'outputs' to avoid re-running this script phase.\necho \"SUCCESS\" > \"${SCRIPT_OUTPUT_FILE_0}\"\n";
			showEnvVarsInLog = 0;
		};
/* End PBXShellScriptBuildPhase section */

/* Begin PBXSourcesBuildPhase section */
		9A549DA222E8557700EABCB5 /* Sources */ = {
			isa = PBXSourcesBuildPhase;
			buildActionMask = 2147483647;
			files = (
				45F12B8C22FB0BB200191F5D /* ViewController.m in Sources */,
				9A23AAFA22FAFE0F002CB5A9 /* DoubleViewController.m in Sources */,
				9A23AAF722FAFDE9002CB5A9 /* SingleViewController.m in Sources */,
				9A549DAE22E8557700EABCB5 /* AppDelegate.m in Sources */,
				9A195B7322EB323700209E81 /* Socket.m in Sources */,
				9A195B6E22EB321C00209E81 /* crc.c in Sources */,
				9A549DAB22E8557700EABCB5 /* main.m in Sources */,
				9A195B6F22EB321C00209E81 /* DataToBeRead.m in Sources */,
				9A195B7022EB321C00209E81 /* DataToBeWrite.m in Sources */,
				CECCC3212372522700741C10 /* SettingViewController.m in Sources */,
			);
			runOnlyForDeploymentPostprocessing = 0;
		};
/* End PBXSourcesBuildPhase section */

/* Begin PBXVariantGroup section */
		9A549DB222E8557700EABCB5 /* Main.storyboard */ = {
			isa = PBXVariantGroup;
			children = (
				9A549DB322E8557700EABCB5 /* Base */,
			);
			name = Main.storyboard;
			sourceTree = "<group>";
		};
		9A549DB722E8557700EABCB5 /* LaunchScreen.storyboard */ = {
			isa = PBXVariantGroup;
			children = (
				9A549DB822E8557700EABCB5 /* Base */,
			);
			name = LaunchScreen.storyboard;
			sourceTree = "<group>";
		};
/* End PBXVariantGroup section */

/* Begin XCBuildConfiguration section */
		9A549DBB22E8557700EABCB5 /* Debug */ = {
			isa = XCBuildConfiguration;
			buildSettings = {
				ALWAYS_SEARCH_USER_PATHS = NO;
				CLANG_ANALYZER_NONNULL = YES;
				CLANG_ANALYZER_NUMBER_OBJECT_CONVERSION = YES_AGGRESSIVE;
				CLANG_CXX_LANGUAGE_STANDARD = "gnu++0x";
				CLANG_CXX_LIBRARY = "libc++";
				CLANG_ENABLE_MODULES = YES;
				CLANG_ENABLE_OBJC_ARC = YES;
				CLANG_WARN_BOOL_CONVERSION = YES;
				CLANG_WARN_CONSTANT_CONVERSION = YES;
				CLANG_WARN_DIRECT_OBJC_ISA_USAGE = YES_ERROR;
				CLANG_WARN_DOCUMENTATION_COMMENTS = YES;
				CLANG_WARN_EMPTY_BODY = YES;
				CLANG_WARN_ENUM_CONVERSION = YES;
				CLANG_WARN_INFINITE_RECURSION = YES;
				CLANG_WARN_INT_CONVERSION = YES;
				CLANG_WARN_OBJC_ROOT_CLASS = YES_ERROR;
				CLANG_WARN_SUSPICIOUS_MOVE = YES;
				CLANG_WARN_UNREACHABLE_CODE = YES;
				CLANG_WARN__DUPLICATE_METHOD_MATCH = YES;
				"CODE_SIGN_IDENTITY[sdk=iphoneos*]" = "iPhone Developer";
				COPY_PHASE_STRIP = NO;
				DEBUG_INFORMATION_FORMAT = dwarf;
				ENABLE_STRICT_OBJC_MSGSEND = YES;
				ENABLE_TESTABILITY = YES;
				GCC_C_LANGUAGE_STANDARD = gnu99;
				GCC_DYNAMIC_NO_PIC = NO;
				GCC_NO_COMMON_BLOCKS = YES;
				GCC_OPTIMIZATION_LEVEL = 0;
				GCC_PREPROCESSOR_DEFINITIONS = (
					"DEBUG=1",
					"$(inherited)",
				);
				GCC_WARN_64_TO_32_BIT_CONVERSION = YES;
				GCC_WARN_ABOUT_RETURN_TYPE = YES_ERROR;
				GCC_WARN_UNDECLARED_SELECTOR = YES;
				GCC_WARN_UNINITIALIZED_AUTOS = YES_AGGRESSIVE;
				GCC_WARN_UNUSED_FUNCTION = YES;
				GCC_WARN_UNUSED_VARIABLE = YES;
				IPHONEOS_DEPLOYMENT_TARGET = 10.3;
				MTL_ENABLE_DEBUG_INFO = YES;
				ONLY_ACTIVE_ARCH = YES;
				SDKROOT = iphoneos;
			};
			name = Debug;
		};
		9A549DBC22E8557700EABCB5 /* Release */ = {
			isa = XCBuildConfiguration;
			buildSettings = {
				ALWAYS_SEARCH_USER_PATHS = NO;
				CLANG_ANALYZER_NONNULL = YES;
				CLANG_ANALYZER_NUMBER_OBJECT_CONVERSION = YES_AGGRESSIVE;
				CLANG_CXX_LANGUAGE_STANDARD = "gnu++0x";
				CLANG_CXX_LIBRARY = "libc++";
				CLANG_ENABLE_MODULES = YES;
				CLANG_ENABLE_OBJC_ARC = YES;
				CLANG_WARN_BOOL_CONVERSION = YES;
				CLANG_WARN_CONSTANT_CONVERSION = YES;
				CLANG_WARN_DIRECT_OBJC_ISA_USAGE = YES_ERROR;
				CLANG_WARN_DOCUMENTATION_COMMENTS = YES;
				CLANG_WARN_EMPTY_BODY = YES;
				CLANG_WARN_ENUM_CONVERSION = YES;
				CLANG_WARN_INFINITE_RECURSION = YES;
				CLANG_WARN_INT_CONVERSION = YES;
				CLANG_WARN_OBJC_ROOT_CLASS = YES_ERROR;
				CLANG_WARN_SUSPICIOUS_MOVE = YES;
				CLANG_WARN_UNREACHABLE_CODE = YES;
				CLANG_WARN__DUPLICATE_METHOD_MATCH = YES;
				"CODE_SIGN_IDENTITY[sdk=iphoneos*]" = "iPhone Developer";
				COPY_PHASE_STRIP = NO;
				DEBUG_INFORMATION_FORMAT = "dwarf-with-dsym";
				ENABLE_NS_ASSERTIONS = NO;
				ENABLE_STRICT_OBJC_MSGSEND = YES;
				GCC_C_LANGUAGE_STANDARD = gnu99;
				GCC_NO_COMMON_BLOCKS = YES;
				GCC_WARN_64_TO_32_BIT_CONVERSION = YES;
				GCC_WARN_ABOUT_RETURN_TYPE = YES_ERROR;
				GCC_WARN_UNDECLARED_SELECTOR = YES;
				GCC_WARN_UNINITIALIZED_AUTOS = YES_AGGRESSIVE;
				GCC_WARN_UNUSED_FUNCTION = YES;
				GCC_WARN_UNUSED_VARIABLE = YES;
				IPHONEOS_DEPLOYMENT_TARGET = 10.3;
				MTL_ENABLE_DEBUG_INFO = NO;
				SDKROOT = iphoneos;
				VALIDATE_PRODUCT = YES;
			};
			name = Release;
		};
		9A549DBE22E8557700EABCB5 /* Debug */ = {
			isa = XCBuildConfiguration;
			baseConfigurationReference = 2E16BDEAC350844DC3531177 /* Pods-evaKool.debug.xcconfig */;
			buildSettings = {
				ASSETCATALOG_COMPILER_APPICON_NAME = AppIcon;
				DEVELOPMENT_TEAM = KVC8NZTYE2;
				INFOPLIST_FILE = evaKool/Info.plist;
				LD_RUNPATH_SEARCH_PATHS = "$(inherited) @executable_path/Frameworks";
				PRODUCT_BUNDLE_IDENTIFIER = com.neusoft.evaKool;
				PRODUCT_NAME = "$(TARGET_NAME)";
			};
			name = Debug;
		};
		9A549DBF22E8557700EABCB5 /* Release */ = {
			isa = XCBuildConfiguration;
			baseConfigurationReference = 684E220EF1ACB26F5C4B7A0B /* Pods-evaKool.release.xcconfig */;
			buildSettings = {
				ASSETCATALOG_COMPILER_APPICON_NAME = AppIcon;
				DEVELOPMENT_TEAM = KVC8NZTYE2;
				INFOPLIST_FILE = evaKool/Info.plist;
				LD_RUNPATH_SEARCH_PATHS = "$(inherited) @executable_path/Frameworks";
				PRODUCT_BUNDLE_IDENTIFIER = com.neusoft.evaKool;
				PRODUCT_NAME = "$(TARGET_NAME)";
			};
			name = Release;
		};
/* End XCBuildConfiguration section */

/* Begin XCConfigurationList section */
		9A549DA122E8557700EABCB5 /* Build configuration list for PBXProject "evaKool" */ = {
			isa = XCConfigurationList;
			buildConfigurations = (
				9A549DBB22E8557700EABCB5 /* Debug */,
				9A549DBC22E8557700EABCB5 /* Release */,
			);
			defaultConfigurationIsVisible = 0;
			defaultConfigurationName = Release;
		};
		9A549DBD22E8557700EABCB5 /* Build configuration list for PBXNativeTarget "evaKool" */ = {
			isa = XCConfigurationList;
			buildConfigurations = (
				9A549DBE22E8557700EABCB5 /* Debug */,
				9A549DBF22E8557700EABCB5 /* Release */,
			);
			defaultConfigurationIsVisible = 0;
			defaultConfigurationName = Release;
		};
/* End XCConfigurationList section */
	};
	rootObject = 9A549D9E22E8557700EABCB5 /* Project object */;
}
